// !$*UTF8*$!
{
	archiveVersion = 1;
	classes = {
	};
	objectVersion = 55;
	objects = {

/* Begin PBXBuildFile section */
		75BC8D1F559619018A289E8A /* Pods_ios_online_cinemaTests.framework in Frameworks */ = {isa = PBXBuildFile; fileRef = EFCCB278884BA3E50A35AE29 /* Pods_ios_online_cinemaTests.framework */; };
		77E4F29F2A8512140028EACA /* MovieCollectionViewCell.swift in Sources */ = {isa = PBXBuildFile; fileRef = 77E4F29E2A8512140028EACA /* MovieCollectionViewCell.swift */; };
		818979DE0E78606DB0958BCE /* Pods_ios_online_cinema_ios_online_cinemaUITests.framework in Frameworks */ = {isa = PBXBuildFile; fileRef = E55289162C20CABB5BA27EFA /* Pods_ios_online_cinema_ios_online_cinemaUITests.framework */; };
		85072F682A78ECFC006E3D58 /* AppDelegate.swift in Sources */ = {isa = PBXBuildFile; fileRef = 85072F672A78ECFC006E3D58 /* AppDelegate.swift */; };
		85072F712A78ECFD006E3D58 /* Assets.xcassets in Resources */ = {isa = PBXBuildFile; fileRef = 85072F702A78ECFD006E3D58 /* Assets.xcassets */; };
		852800B02AC6E2120048A266 /* Resolver.swift in Sources */ = {isa = PBXBuildFile; fileRef = 852800AF2AC6E2120048A266 /* Resolver.swift */; };
		8539E6BE2ABDAD3B0091A47A /* GenrePickerViewModel.swift in Sources */ = {isa = PBXBuildFile; fileRef = 8539E6BD2ABDAD3B0091A47A /* GenrePickerViewModel.swift */; };
		8539E6C02ABDAD530091A47A /* GenrePickerViewModelProtocol.swift in Sources */ = {isa = PBXBuildFile; fileRef = 8539E6BF2ABDAD530091A47A /* GenrePickerViewModelProtocol.swift */; };
		853BC3B32A98951A00510A72 /* MoviesDetailsCellDataProtocol.swift in Sources */ = {isa = PBXBuildFile; fileRef = 853BC3B22A98951A00510A72 /* MoviesDetailsCellDataProtocol.swift */; };
		8542CB9F2A838FD4008025BE /* APIMethods.swift in Sources */ = {isa = PBXBuildFile; fileRef = 8542CB9E2A838FD4008025BE /* APIMethods.swift */; };
		8542CBA12A839063008025BE /* Constants.swift in Sources */ = {isa = PBXBuildFile; fileRef = 8542CBA02A839063008025BE /* Constants.swift */; };
		854F9E892AE15CED004AE085 /* MoviesFeedConverter.swift in Sources */ = {isa = PBXBuildFile; fileRef = 854F9E882AE15CED004AE085 /* MoviesFeedConverter.swift */; };
		854F9E8C2AE1638F004AE085 /* MoviesGeneratorConverter.swift in Sources */ = {isa = PBXBuildFile; fileRef = 854F9E8B2AE1638F004AE085 /* MoviesGeneratorConverter.swift */; };
		85520F112AC42FC9005260EE /* MoviesGeneratorError.swift in Sources */ = {isa = PBXBuildFile; fileRef = 85520F102AC42FC9005260EE /* MoviesGeneratorError.swift */; };
		855485B82A864E7D00A18BE0 /* MovieCollectionViewCellModel.swift in Sources */ = {isa = PBXBuildFile; fileRef = 855485B72A864E7D00A18BE0 /* MovieCollectionViewCellModel.swift */; };
		858A4A242A7901F100B2042E /* Coordinator.swift in Sources */ = {isa = PBXBuildFile; fileRef = 858A4A232A7901F100B2042E /* Coordinator.swift */; };
		858A4A262A79027B00B2042E /* AppCoordinator.swift in Sources */ = {isa = PBXBuildFile; fileRef = 858A4A252A79027B00B2042E /* AppCoordinator.swift */; };
		859B35EB2A9C99B5001EED3A /* FavouriteMovieTableViewCell.swift in Sources */ = {isa = PBXBuildFile; fileRef = 859B35EA2A9C99B5001EED3A /* FavouriteMovieTableViewCell.swift */; };
		859B35F52A9C9D12001EED3A /* FavouriteMovieMO.swift in Sources */ = {isa = PBXBuildFile; fileRef = 859B35F32A9C9D12001EED3A /* FavouriteMovieMO.swift */; };
		859B35F82A9CA0A6001EED3A /* CoreDataManager.swift in Sources */ = {isa = PBXBuildFile; fileRef = 859B35F72A9CA0A6001EED3A /* CoreDataManager.swift */; };
		859B35FB2A9CB189001EED3A /* FavouriteMoviesData.xcdatamodeld in Sources */ = {isa = PBXBuildFile; fileRef = 859B35F92A9CB188001EED3A /* FavouriteMoviesData.xcdatamodeld */; };
		85B137B12AB458DE00621D88 /* GenrePickerViewController.swift in Sources */ = {isa = PBXBuildFile; fileRef = 85B137B02AB458DE00621D88 /* GenrePickerViewController.swift */; };
		85B137B82AB45C5600621D88 /* GenrePickerTableViewCell.swift in Sources */ = {isa = PBXBuildFile; fileRef = 85B137B72AB45C5600621D88 /* GenrePickerTableViewCell.swift */; };
		85BBB0B62AA0ADD300B8AE4E /* FavouriteMovieDB.swift in Sources */ = {isa = PBXBuildFile; fileRef = 85BBB0B52AA0ADD300B8AE4E /* FavouriteMovieDB.swift */; };
		85BBB0B82AA1D65A00B8AE4E /* FavouriteMoviesConverter.swift in Sources */ = {isa = PBXBuildFile; fileRef = 85BBB0B72AA1D65A00B8AE4E /* FavouriteMoviesConverter.swift */; };
		85BBB0BC2AA1F1A600B8AE4E /* FavouriteMovieDataRepository.swift in Sources */ = {isa = PBXBuildFile; fileRef = 85BBB0BB2AA1F1A600B8AE4E /* FavouriteMovieDataRepository.swift */; };
		85C07A822AAB189000B54F36 /* MoviesGeneratorViewController.swift in Sources */ = {isa = PBXBuildFile; fileRef = 85C07A812AAB189000B54F36 /* MoviesGeneratorViewController.swift */; };
		85C07A842AAB189B00B54F36 /* MoviesGeneratorViewModel.swift in Sources */ = {isa = PBXBuildFile; fileRef = 85C07A832AAB189B00B54F36 /* MoviesGeneratorViewModel.swift */; };
		85C07A872AAB18A800B54F36 /* MoviesGeneratorViewModelProtocol.swift in Sources */ = {isa = PBXBuildFile; fileRef = 85C07A862AAB18A800B54F36 /* MoviesGeneratorViewModelProtocol.swift */; };
		85C07A892AAB1BA800B54F36 /* MoviesGeneratorCoordinator.swift in Sources */ = {isa = PBXBuildFile; fileRef = 85C07A882AAB1BA800B54F36 /* MoviesGeneratorCoordinator.swift */; };
		85C07A8B2AAB440B00B54F36 /* MoviesGeneratorResponseModel.swift in Sources */ = {isa = PBXBuildFile; fileRef = 85C07A8A2AAB440B00B54F36 /* MoviesGeneratorResponseModel.swift */; };
		85C2F0F92A84F40A001395FC /* Endpoints.swift in Sources */ = {isa = PBXBuildFile; fileRef = 85C2F0F82A84F40A001395FC /* Endpoints.swift */; };
		85C2F0FB2A84F4D3001395FC /* NetworkWorker.swift in Sources */ = {isa = PBXBuildFile; fileRef = 85C2F0FA2A84F4D3001395FC /* NetworkWorker.swift */; };
		85C2F0FD2A84F50A001395FC /* NetworkWorkerProtocol.swift in Sources */ = {isa = PBXBuildFile; fileRef = 85C2F0FC2A84F50A001395FC /* NetworkWorkerProtocol.swift */; };
		85D9072A2AA8883E007E4BE9 /* CoreDataError.swift in Sources */ = {isa = PBXBuildFile; fileRef = 85D907292AA8883E007E4BE9 /* CoreDataError.swift */; };
		85D9072D2AA88A8A007E4BE9 /* MoviesDetailsConverter.swift in Sources */ = {isa = PBXBuildFile; fileRef = 85D9072C2AA88A8A007E4BE9 /* MoviesDetailsConverter.swift */; };
		85E543452A84C498008B714A /* FavouriteMoviesViewModelProtocol.swift in Sources */ = {isa = PBXBuildFile; fileRef = 85E543442A84C498008B714A /* FavouriteMoviesViewModelProtocol.swift */; };
		85E543472A84C4AC008B714A /* MoviesDetailsViewModelProtocol.swift in Sources */ = {isa = PBXBuildFile; fileRef = 85E543462A84C4AC008B714A /* MoviesDetailsViewModelProtocol.swift */; };
		85E543492A84C4BC008B714A /* MoviesFeedViewModelProtocol.swift in Sources */ = {isa = PBXBuildFile; fileRef = 85E543482A84C4BC008B714A /* MoviesFeedViewModelProtocol.swift */; };
		85E5434B2A84CF48008B714A /* APIServiceProtocol.swift in Sources */ = {isa = PBXBuildFile; fileRef = 85E5434A2A84CF48008B714A /* APIServiceProtocol.swift */; };
		85F3FAAF2A791C1A00F0B849 /* MoviesFeedViewController.swift in Sources */ = {isa = PBXBuildFile; fileRef = 85F3FAAE2A791C1A00F0B849 /* MoviesFeedViewController.swift */; };
		85F3FAB12A791C2F00F0B849 /* MoviesDetailsViewController.swift in Sources */ = {isa = PBXBuildFile; fileRef = 85F3FAB02A791C2F00F0B849 /* MoviesDetailsViewController.swift */; };
		85F3FAB32A791C4800F0B849 /* FavouriteMoviesViewController.swift in Sources */ = {isa = PBXBuildFile; fileRef = 85F3FAB22A791C4800F0B849 /* FavouriteMoviesViewController.swift */; };
		85F3FAB52A791F5E00F0B849 /* MoviesResponseModel.swift in Sources */ = {isa = PBXBuildFile; fileRef = 85F3FAB42A791F5E00F0B849 /* MoviesResponseModel.swift */; };
		85F3FAB72A791FFB00F0B849 /* MoviesDetailsResponseModel.swift in Sources */ = {isa = PBXBuildFile; fileRef = 85F3FAB62A791FFB00F0B849 /* MoviesDetailsResponseModel.swift */; };
		85F3FABA2A7924BE00F0B849 /* MoviesFeedViewModel.swift in Sources */ = {isa = PBXBuildFile; fileRef = 85F3FAB92A7924BE00F0B849 /* MoviesFeedViewModel.swift */; };
		85F3FABE2A7924D400F0B849 /* FavouriteMoviesViewModel.swift in Sources */ = {isa = PBXBuildFile; fileRef = 85F3FABD2A7924D400F0B849 /* FavouriteMoviesViewModel.swift */; };
		85F3FAC02A79259F00F0B849 /* MoviesDetailsViewModel.swift in Sources */ = {isa = PBXBuildFile; fileRef = 85F3FABF2A79259F00F0B849 /* MoviesDetailsViewModel.swift */; };
		85F3FB022A7A373400F0B849 /* TabBarViewController.swift in Sources */ = {isa = PBXBuildFile; fileRef = 85F3FB012A7A373400F0B849 /* TabBarViewController.swift */; };
		85F3FB2D2A7B870E00F0B849 /* TabBarCoordinator.swift in Sources */ = {isa = PBXBuildFile; fileRef = 85F3FB2C2A7B870E00F0B849 /* TabBarCoordinator.swift */; };
		85F3FB312A7B90CA00F0B849 /* MoviesFeedCoordinator.swift in Sources */ = {isa = PBXBuildFile; fileRef = 85F3FB302A7B90CA00F0B849 /* MoviesFeedCoordinator.swift */; };
		85F3FB332A7B90D500F0B849 /* FavouriteMoviesCoordinator.swift in Sources */ = {isa = PBXBuildFile; fileRef = 85F3FB322A7B90D500F0B849 /* FavouriteMoviesCoordinator.swift */; };
		85F3FB352A7CD47000F0B849 /* TabBarPage.swift in Sources */ = {isa = PBXBuildFile; fileRef = 85F3FB342A7CD47000F0B849 /* TabBarPage.swift */; };
		85F3FB372A7CFC8200F0B849 /* APIService.swift in Sources */ = {isa = PBXBuildFile; fileRef = 85F3FB362A7CFC8200F0B849 /* APIService.swift */; };
		85F3FB392A7CFFF600F0B849 /* APIError.swift in Sources */ = {isa = PBXBuildFile; fileRef = 85F3FB382A7CFFF600F0B849 /* APIError.swift */; };
		85F3FB432A7E6DBA00F0B849 /* ProximaNova-ExtraBold.ttf in Resources */ = {isa = PBXBuildFile; fileRef = 85F3FB3B2A7E6DBA00F0B849 /* ProximaNova-ExtraBold.ttf */; };
		85F3FB442A7E6DBA00F0B849 /* ProximaNova-Black_1.ttf in Resources */ = {isa = PBXBuildFile; fileRef = 85F3FB3C2A7E6DBA00F0B849 /* ProximaNova-Black_1.ttf */; };
		85F3FB452A7E6DBA00F0B849 /* ProximaNova-Bold.ttf in Resources */ = {isa = PBXBuildFile; fileRef = 85F3FB3D2A7E6DBA00F0B849 /* ProximaNova-Bold.ttf */; };
		85F3FB462A7E6DBA00F0B849 /* ProximaNova-Black.ttf in Resources */ = {isa = PBXBuildFile; fileRef = 85F3FB3E2A7E6DBA00F0B849 /* ProximaNova-Black.ttf */; };
		85F3FB472A7E6DBA00F0B849 /* ProximaNova-BoldIt.ttf in Resources */ = {isa = PBXBuildFile; fileRef = 85F3FB3F2A7E6DBA00F0B849 /* ProximaNova-BoldIt.ttf */; };
		85F3FB482A7E6DBA00F0B849 /* ProximaNova-Light.ttf in Resources */ = {isa = PBXBuildFile; fileRef = 85F3FB402A7E6DBA00F0B849 /* ProximaNova-Light.ttf */; };
		85F3FB492A7E6DBA00F0B849 /* ProximaNova-BlackIt.ttf in Resources */ = {isa = PBXBuildFile; fileRef = 85F3FB412A7E6DBA00F0B849 /* ProximaNova-BlackIt.ttf */; };
		85F3FB4A2A7E6DBA00F0B849 /* ProximaNova-Regular.ttf in Resources */ = {isa = PBXBuildFile; fileRef = 85F3FB422A7E6DBA00F0B849 /* ProximaNova-Regular.ttf */; };
		85F3FB4F2A7E70D300F0B849 /* ProximaNovaFont.swift in Sources */ = {isa = PBXBuildFile; fileRef = 85F3FB4E2A7E70D300F0B849 /* ProximaNovaFont.swift */; };
		85F3FB542A810B8500F0B849 /* MovieGenresResponseModel.swift in Sources */ = {isa = PBXBuildFile; fileRef = 85F3FB532A810B8500F0B849 /* MovieGenresResponseModel.swift */; };
		85F7CD742A8CE9CD002762D4 /* MoviePosterTableViewCell.swift in Sources */ = {isa = PBXBuildFile; fileRef = 85F7CD732A8CE9CD002762D4 /* MoviePosterTableViewCell.swift */; };
		85F7CD762A8CE9E1002762D4 /* MovieInfoTableViewCell.swift in Sources */ = {isa = PBXBuildFile; fileRef = 85F7CD752A8CE9E1002762D4 /* MovieInfoTableViewCell.swift */; };
		85F7CD782A8CEA13002762D4 /* MovieOverviewTableViewCell.swift in Sources */ = {isa = PBXBuildFile; fileRef = 85F7CD772A8CEA13002762D4 /* MovieOverviewTableViewCell.swift */; };
		92A9BE28792FDC27D8869EF5 /* Pods_ios_online_cinema.framework in Frameworks */ = {isa = PBXBuildFile; fileRef = D13BA8A99BA4B74C7A39E5FA /* Pods_ios_online_cinema.framework */; };
/* End PBXBuildFile section */

/* Begin PBXContainerItemProxy section */
		85072F7B2A78ECFD006E3D58 /* PBXContainerItemProxy */ = {
			isa = PBXContainerItemProxy;
			containerPortal = 85072F5C2A78ECFC006E3D58 /* Project object */;
			proxyType = 1;
			remoteGlobalIDString = 85072F632A78ECFC006E3D58;
			remoteInfo = "ios-online-cinema";
		};
		85072F852A78ECFD006E3D58 /* PBXContainerItemProxy */ = {
			isa = PBXContainerItemProxy;
			containerPortal = 85072F5C2A78ECFC006E3D58 /* Project object */;
			proxyType = 1;
			remoteGlobalIDString = 85072F632A78ECFC006E3D58;
			remoteInfo = "ios-online-cinema";
		};
/* End PBXContainerItemProxy section */

/* Begin PBXFileReference section */
		2F9AD722EBC5C346B1CAB97C /* Pods-ios-online-cinema.release.xcconfig */ = {isa = PBXFileReference; includeInIndex = 1; lastKnownFileType = text.xcconfig; name = "Pods-ios-online-cinema.release.xcconfig"; path = "Target Support Files/Pods-ios-online-cinema/Pods-ios-online-cinema.release.xcconfig"; sourceTree = "<group>"; };
		715E78BAD1B13524ACB0C1F6 /* Pods-ios-online-cinema-ios-online-cinemaUITests.release.xcconfig */ = {isa = PBXFileReference; includeInIndex = 1; lastKnownFileType = text.xcconfig; name = "Pods-ios-online-cinema-ios-online-cinemaUITests.release.xcconfig"; path = "Target Support Files/Pods-ios-online-cinema-ios-online-cinemaUITests/Pods-ios-online-cinema-ios-online-cinemaUITests.release.xcconfig"; sourceTree = "<group>"; };
		77E4F29E2A8512140028EACA /* MovieCollectionViewCell.swift */ = {isa = PBXFileReference; fileEncoding = 4; lastKnownFileType = sourcecode.swift; name = MovieCollectionViewCell.swift; path = "ios-online-cinema/Scenes/MoviesFeed/Cells/MovieCollectionViewCell.swift"; sourceTree = SOURCE_ROOT; };
		7C3C254E05842F42F7A08397 /* Pods-ios-online-cinema.debug.xcconfig */ = {isa = PBXFileReference; includeInIndex = 1; lastKnownFileType = text.xcconfig; name = "Pods-ios-online-cinema.debug.xcconfig"; path = "Target Support Files/Pods-ios-online-cinema/Pods-ios-online-cinema.debug.xcconfig"; sourceTree = "<group>"; };
		85072F642A78ECFC006E3D58 /* ios-online-cinema.app */ = {isa = PBXFileReference; explicitFileType = wrapper.application; includeInIndex = 0; path = "ios-online-cinema.app"; sourceTree = BUILT_PRODUCTS_DIR; };
		85072F672A78ECFC006E3D58 /* AppDelegate.swift */ = {isa = PBXFileReference; lastKnownFileType = sourcecode.swift; path = AppDelegate.swift; sourceTree = "<group>"; };
		85072F702A78ECFD006E3D58 /* Assets.xcassets */ = {isa = PBXFileReference; lastKnownFileType = folder.assetcatalog; path = Assets.xcassets; sourceTree = "<group>"; };
		85072F752A78ECFD006E3D58 /* Info.plist */ = {isa = PBXFileReference; lastKnownFileType = text.plist.xml; path = Info.plist; sourceTree = "<group>"; };
		85072F7A2A78ECFD006E3D58 /* ios-online-cinemaTests.xctest */ = {isa = PBXFileReference; explicitFileType = wrapper.cfbundle; includeInIndex = 0; path = "ios-online-cinemaTests.xctest"; sourceTree = BUILT_PRODUCTS_DIR; };
		85072F842A78ECFD006E3D58 /* ios-online-cinemaUITests.xctest */ = {isa = PBXFileReference; explicitFileType = wrapper.cfbundle; includeInIndex = 0; path = "ios-online-cinemaUITests.xctest"; sourceTree = BUILT_PRODUCTS_DIR; };
		852800AF2AC6E2120048A266 /* Resolver.swift */ = {isa = PBXFileReference; lastKnownFileType = sourcecode.swift; path = Resolver.swift; sourceTree = "<group>"; };
		8539E6BD2ABDAD3B0091A47A /* GenrePickerViewModel.swift */ = {isa = PBXFileReference; lastKnownFileType = sourcecode.swift; path = GenrePickerViewModel.swift; sourceTree = "<group>"; };
		8539E6BF2ABDAD530091A47A /* GenrePickerViewModelProtocol.swift */ = {isa = PBXFileReference; lastKnownFileType = sourcecode.swift; path = GenrePickerViewModelProtocol.swift; sourceTree = "<group>"; };
		853BC3B22A98951A00510A72 /* MoviesDetailsCellDataProtocol.swift */ = {isa = PBXFileReference; lastKnownFileType = sourcecode.swift; path = MoviesDetailsCellDataProtocol.swift; sourceTree = "<group>"; };
		8542CB9E2A838FD4008025BE /* APIMethods.swift */ = {isa = PBXFileReference; lastKnownFileType = sourcecode.swift; path = APIMethods.swift; sourceTree = "<group>"; };
		8542CBA02A839063008025BE /* Constants.swift */ = {isa = PBXFileReference; lastKnownFileType = sourcecode.swift; path = Constants.swift; sourceTree = "<group>"; };
		854F9E882AE15CED004AE085 /* MoviesFeedConverter.swift */ = {isa = PBXFileReference; lastKnownFileType = sourcecode.swift; path = MoviesFeedConverter.swift; sourceTree = "<group>"; };
		854F9E8B2AE1638F004AE085 /* MoviesGeneratorConverter.swift */ = {isa = PBXFileReference; lastKnownFileType = sourcecode.swift; path = MoviesGeneratorConverter.swift; sourceTree = "<group>"; };
		85520F102AC42FC9005260EE /* MoviesGeneratorError.swift */ = {isa = PBXFileReference; lastKnownFileType = sourcecode.swift; path = MoviesGeneratorError.swift; sourceTree = "<group>"; };
		855485B72A864E7D00A18BE0 /* MovieCollectionViewCellModel.swift */ = {isa = PBXFileReference; lastKnownFileType = sourcecode.swift; path = MovieCollectionViewCellModel.swift; sourceTree = "<group>"; };
		858A4A232A7901F100B2042E /* Coordinator.swift */ = {isa = PBXFileReference; lastKnownFileType = sourcecode.swift; path = Coordinator.swift; sourceTree = "<group>"; };
		858A4A252A79027B00B2042E /* AppCoordinator.swift */ = {isa = PBXFileReference; lastKnownFileType = sourcecode.swift; path = AppCoordinator.swift; sourceTree = "<group>"; };
		859B35EA2A9C99B5001EED3A /* FavouriteMovieTableViewCell.swift */ = {isa = PBXFileReference; lastKnownFileType = sourcecode.swift; path = FavouriteMovieTableViewCell.swift; sourceTree = "<group>"; };
		859B35F32A9C9D12001EED3A /* FavouriteMovieMO.swift */ = {isa = PBXFileReference; lastKnownFileType = sourcecode.swift; path = FavouriteMovieMO.swift; sourceTree = "<group>"; };
		859B35F72A9CA0A6001EED3A /* CoreDataManager.swift */ = {isa = PBXFileReference; lastKnownFileType = sourcecode.swift; path = CoreDataManager.swift; sourceTree = "<group>"; };
		859B35FA2A9CB189001EED3A /* FavouriteMoviesData.xcdatamodel */ = {isa = PBXFileReference; lastKnownFileType = wrapper.xcdatamodel; path = FavouriteMoviesData.xcdatamodel; sourceTree = "<group>"; };
		85B137B02AB458DE00621D88 /* GenrePickerViewController.swift */ = {isa = PBXFileReference; lastKnownFileType = sourcecode.swift; path = GenrePickerViewController.swift; sourceTree = "<group>"; };
		85B137B72AB45C5600621D88 /* GenrePickerTableViewCell.swift */ = {isa = PBXFileReference; lastKnownFileType = sourcecode.swift; path = GenrePickerTableViewCell.swift; sourceTree = "<group>"; };
		85BBB0B52AA0ADD300B8AE4E /* FavouriteMovieDB.swift */ = {isa = PBXFileReference; lastKnownFileType = sourcecode.swift; path = FavouriteMovieDB.swift; sourceTree = "<group>"; };
		85BBB0B72AA1D65A00B8AE4E /* FavouriteMoviesConverter.swift */ = {isa = PBXFileReference; lastKnownFileType = sourcecode.swift; path = FavouriteMoviesConverter.swift; sourceTree = "<group>"; };
		85BBB0BB2AA1F1A600B8AE4E /* FavouriteMovieDataRepository.swift */ = {isa = PBXFileReference; lastKnownFileType = sourcecode.swift; path = FavouriteMovieDataRepository.swift; sourceTree = "<group>"; };
		85C07A812AAB189000B54F36 /* MoviesGeneratorViewController.swift */ = {isa = PBXFileReference; lastKnownFileType = sourcecode.swift; path = MoviesGeneratorViewController.swift; sourceTree = "<group>"; };
		85C07A832AAB189B00B54F36 /* MoviesGeneratorViewModel.swift */ = {isa = PBXFileReference; lastKnownFileType = sourcecode.swift; path = MoviesGeneratorViewModel.swift; sourceTree = "<group>"; };
		85C07A862AAB18A800B54F36 /* MoviesGeneratorViewModelProtocol.swift */ = {isa = PBXFileReference; lastKnownFileType = sourcecode.swift; path = MoviesGeneratorViewModelProtocol.swift; sourceTree = "<group>"; };
		85C07A882AAB1BA800B54F36 /* MoviesGeneratorCoordinator.swift */ = {isa = PBXFileReference; lastKnownFileType = sourcecode.swift; path = MoviesGeneratorCoordinator.swift; sourceTree = "<group>"; };
		85C07A8A2AAB440B00B54F36 /* MoviesGeneratorResponseModel.swift */ = {isa = PBXFileReference; lastKnownFileType = sourcecode.swift; path = MoviesGeneratorResponseModel.swift; sourceTree = "<group>"; };
		85C2F0F82A84F40A001395FC /* Endpoints.swift */ = {isa = PBXFileReference; lastKnownFileType = sourcecode.swift; path = Endpoints.swift; sourceTree = "<group>"; };
		85C2F0FA2A84F4D3001395FC /* NetworkWorker.swift */ = {isa = PBXFileReference; lastKnownFileType = sourcecode.swift; path = NetworkWorker.swift; sourceTree = "<group>"; };
		85C2F0FC2A84F50A001395FC /* NetworkWorkerProtocol.swift */ = {isa = PBXFileReference; lastKnownFileType = sourcecode.swift; path = NetworkWorkerProtocol.swift; sourceTree = "<group>"; };
		85D907292AA8883E007E4BE9 /* CoreDataError.swift */ = {isa = PBXFileReference; lastKnownFileType = sourcecode.swift; path = CoreDataError.swift; sourceTree = "<group>"; };
		85D9072C2AA88A8A007E4BE9 /* MoviesDetailsConverter.swift */ = {isa = PBXFileReference; lastKnownFileType = sourcecode.swift; path = MoviesDetailsConverter.swift; sourceTree = "<group>"; };
		85E543442A84C498008B714A /* FavouriteMoviesViewModelProtocol.swift */ = {isa = PBXFileReference; lastKnownFileType = sourcecode.swift; path = FavouriteMoviesViewModelProtocol.swift; sourceTree = "<group>"; };
		85E543462A84C4AC008B714A /* MoviesDetailsViewModelProtocol.swift */ = {isa = PBXFileReference; lastKnownFileType = sourcecode.swift; path = MoviesDetailsViewModelProtocol.swift; sourceTree = "<group>"; };
		85E543482A84C4BC008B714A /* MoviesFeedViewModelProtocol.swift */ = {isa = PBXFileReference; lastKnownFileType = sourcecode.swift; path = MoviesFeedViewModelProtocol.swift; sourceTree = "<group>"; };
		85E5434A2A84CF48008B714A /* APIServiceProtocol.swift */ = {isa = PBXFileReference; lastKnownFileType = sourcecode.swift; path = APIServiceProtocol.swift; sourceTree = "<group>"; };
		85F3FAAE2A791C1A00F0B849 /* MoviesFeedViewController.swift */ = {isa = PBXFileReference; lastKnownFileType = sourcecode.swift; path = MoviesFeedViewController.swift; sourceTree = "<group>"; };
		85F3FAB02A791C2F00F0B849 /* MoviesDetailsViewController.swift */ = {isa = PBXFileReference; lastKnownFileType = sourcecode.swift; path = MoviesDetailsViewController.swift; sourceTree = "<group>"; };
		85F3FAB22A791C4800F0B849 /* FavouriteMoviesViewController.swift */ = {isa = PBXFileReference; lastKnownFileType = sourcecode.swift; path = FavouriteMoviesViewController.swift; sourceTree = "<group>"; };
		85F3FAB42A791F5E00F0B849 /* MoviesResponseModel.swift */ = {isa = PBXFileReference; lastKnownFileType = sourcecode.swift; path = MoviesResponseModel.swift; sourceTree = "<group>"; };
		85F3FAB62A791FFB00F0B849 /* MoviesDetailsResponseModel.swift */ = {isa = PBXFileReference; lastKnownFileType = sourcecode.swift; path = MoviesDetailsResponseModel.swift; sourceTree = "<group>"; };
		85F3FAB92A7924BE00F0B849 /* MoviesFeedViewModel.swift */ = {isa = PBXFileReference; lastKnownFileType = sourcecode.swift; path = MoviesFeedViewModel.swift; sourceTree = "<group>"; };
		85F3FABD2A7924D400F0B849 /* FavouriteMoviesViewModel.swift */ = {isa = PBXFileReference; lastKnownFileType = sourcecode.swift; path = FavouriteMoviesViewModel.swift; sourceTree = "<group>"; };
		85F3FABF2A79259F00F0B849 /* MoviesDetailsViewModel.swift */ = {isa = PBXFileReference; lastKnownFileType = sourcecode.swift; path = MoviesDetailsViewModel.swift; sourceTree = "<group>"; };
		85F3FB012A7A373400F0B849 /* TabBarViewController.swift */ = {isa = PBXFileReference; lastKnownFileType = sourcecode.swift; path = TabBarViewController.swift; sourceTree = "<group>"; };
		85F3FB2C2A7B870E00F0B849 /* TabBarCoordinator.swift */ = {isa = PBXFileReference; lastKnownFileType = sourcecode.swift; path = TabBarCoordinator.swift; sourceTree = "<group>"; };
		85F3FB302A7B90CA00F0B849 /* MoviesFeedCoordinator.swift */ = {isa = PBXFileReference; lastKnownFileType = sourcecode.swift; path = MoviesFeedCoordinator.swift; sourceTree = "<group>"; };
		85F3FB322A7B90D500F0B849 /* FavouriteMoviesCoordinator.swift */ = {isa = PBXFileReference; lastKnownFileType = sourcecode.swift; path = FavouriteMoviesCoordinator.swift; sourceTree = "<group>"; };
		85F3FB342A7CD47000F0B849 /* TabBarPage.swift */ = {isa = PBXFileReference; lastKnownFileType = sourcecode.swift; path = TabBarPage.swift; sourceTree = "<group>"; };
		85F3FB362A7CFC8200F0B849 /* APIService.swift */ = {isa = PBXFileReference; lastKnownFileType = sourcecode.swift; path = APIService.swift; sourceTree = "<group>"; };
		85F3FB382A7CFFF600F0B849 /* APIError.swift */ = {isa = PBXFileReference; lastKnownFileType = sourcecode.swift; path = APIError.swift; sourceTree = "<group>"; };
		85F3FB3B2A7E6DBA00F0B849 /* ProximaNova-ExtraBold.ttf */ = {isa = PBXFileReference; lastKnownFileType = file; path = "ProximaNova-ExtraBold.ttf"; sourceTree = "<group>"; };
		85F3FB3C2A7E6DBA00F0B849 /* ProximaNova-Black_1.ttf */ = {isa = PBXFileReference; lastKnownFileType = file; path = "ProximaNova-Black_1.ttf"; sourceTree = "<group>"; };
		85F3FB3D2A7E6DBA00F0B849 /* ProximaNova-Bold.ttf */ = {isa = PBXFileReference; lastKnownFileType = file; path = "ProximaNova-Bold.ttf"; sourceTree = "<group>"; };
		85F3FB3E2A7E6DBA00F0B849 /* ProximaNova-Black.ttf */ = {isa = PBXFileReference; lastKnownFileType = file; path = "ProximaNova-Black.ttf"; sourceTree = "<group>"; };
		85F3FB3F2A7E6DBA00F0B849 /* ProximaNova-BoldIt.ttf */ = {isa = PBXFileReference; lastKnownFileType = file; path = "ProximaNova-BoldIt.ttf"; sourceTree = "<group>"; };
		85F3FB402A7E6DBA00F0B849 /* ProximaNova-Light.ttf */ = {isa = PBXFileReference; lastKnownFileType = file; path = "ProximaNova-Light.ttf"; sourceTree = "<group>"; };
		85F3FB412A7E6DBA00F0B849 /* ProximaNova-BlackIt.ttf */ = {isa = PBXFileReference; lastKnownFileType = file; path = "ProximaNova-BlackIt.ttf"; sourceTree = "<group>"; };
		85F3FB422A7E6DBA00F0B849 /* ProximaNova-Regular.ttf */ = {isa = PBXFileReference; lastKnownFileType = file; path = "ProximaNova-Regular.ttf"; sourceTree = "<group>"; };
		85F3FB4E2A7E70D300F0B849 /* ProximaNovaFont.swift */ = {isa = PBXFileReference; lastKnownFileType = sourcecode.swift; path = ProximaNovaFont.swift; sourceTree = "<group>"; };
		85F3FB512A7E736A00F0B849 /* MovieCollectionViewCell.swift */ = {isa = PBXFileReference; lastKnownFileType = sourcecode.swift; path = MovieCollectionViewCell.swift; sourceTree = "<group>"; };
		85F3FB532A810B8500F0B849 /* MovieGenresResponseModel.swift */ = {isa = PBXFileReference; lastKnownFileType = sourcecode.swift; path = MovieGenresResponseModel.swift; sourceTree = "<group>"; };
		85F7CD732A8CE9CD002762D4 /* MoviePosterTableViewCell.swift */ = {isa = PBXFileReference; lastKnownFileType = sourcecode.swift; name = MoviePosterTableViewCell.swift; path = "ios-online-cinema/Scenes/MoviesDetails/Cells/MoviePosterTableViewCell.swift"; sourceTree = SOURCE_ROOT; };
		85F7CD752A8CE9E1002762D4 /* MovieInfoTableViewCell.swift */ = {isa = PBXFileReference; lastKnownFileType = sourcecode.swift; name = MovieInfoTableViewCell.swift; path = "ios-online-cinema/Scenes/MoviesDetails/Cells/MovieInfoTableViewCell.swift"; sourceTree = SOURCE_ROOT; };
		85F7CD772A8CEA13002762D4 /* MovieOverviewTableViewCell.swift */ = {isa = PBXFileReference; lastKnownFileType = sourcecode.swift; name = MovieOverviewTableViewCell.swift; path = "ios-online-cinema/Scenes/MoviesDetails/Cells/MovieOverviewTableViewCell.swift"; sourceTree = SOURCE_ROOT; };
		B088D5416E9253D3914DA36F /* Pods-ios-online-cinemaTests.debug.xcconfig */ = {isa = PBXFileReference; includeInIndex = 1; lastKnownFileType = text.xcconfig; name = "Pods-ios-online-cinemaTests.debug.xcconfig"; path = "Target Support Files/Pods-ios-online-cinemaTests/Pods-ios-online-cinemaTests.debug.xcconfig"; sourceTree = "<group>"; };
		D13BA8A99BA4B74C7A39E5FA /* Pods_ios_online_cinema.framework */ = {isa = PBXFileReference; explicitFileType = wrapper.framework; includeInIndex = 0; path = Pods_ios_online_cinema.framework; sourceTree = BUILT_PRODUCTS_DIR; };
		DF0FE93836042491867D13BC /* Pods-ios-online-cinemaTests.release.xcconfig */ = {isa = PBXFileReference; includeInIndex = 1; lastKnownFileType = text.xcconfig; name = "Pods-ios-online-cinemaTests.release.xcconfig"; path = "Target Support Files/Pods-ios-online-cinemaTests/Pods-ios-online-cinemaTests.release.xcconfig"; sourceTree = "<group>"; };
		E55289162C20CABB5BA27EFA /* Pods_ios_online_cinema_ios_online_cinemaUITests.framework */ = {isa = PBXFileReference; explicitFileType = wrapper.framework; includeInIndex = 0; path = Pods_ios_online_cinema_ios_online_cinemaUITests.framework; sourceTree = BUILT_PRODUCTS_DIR; };
		EB6AB7825A32D9CF3F2BD4DC /* Pods-ios-online-cinema-ios-online-cinemaUITests.debug.xcconfig */ = {isa = PBXFileReference; includeInIndex = 1; lastKnownFileType = text.xcconfig; name = "Pods-ios-online-cinema-ios-online-cinemaUITests.debug.xcconfig"; path = "Target Support Files/Pods-ios-online-cinema-ios-online-cinemaUITests/Pods-ios-online-cinema-ios-online-cinemaUITests.debug.xcconfig"; sourceTree = "<group>"; };
		EFCCB278884BA3E50A35AE29 /* Pods_ios_online_cinemaTests.framework */ = {isa = PBXFileReference; explicitFileType = wrapper.framework; includeInIndex = 0; path = Pods_ios_online_cinemaTests.framework; sourceTree = BUILT_PRODUCTS_DIR; };
/* End PBXFileReference section */

/* Begin PBXFrameworksBuildPhase section */
		85072F612A78ECFC006E3D58 /* Frameworks */ = {
			isa = PBXFrameworksBuildPhase;
			buildActionMask = 2147483647;
			files = (
				92A9BE28792FDC27D8869EF5 /* Pods_ios_online_cinema.framework in Frameworks */,
			);
			runOnlyForDeploymentPostprocessing = 0;
		};
		85072F772A78ECFD006E3D58 /* Frameworks */ = {
			isa = PBXFrameworksBuildPhase;
			buildActionMask = 2147483647;
			files = (
				75BC8D1F559619018A289E8A /* Pods_ios_online_cinemaTests.framework in Frameworks */,
			);
			runOnlyForDeploymentPostprocessing = 0;
		};
		85072F812A78ECFD006E3D58 /* Frameworks */ = {
			isa = PBXFrameworksBuildPhase;
			buildActionMask = 2147483647;
			files = (
				818979DE0E78606DB0958BCE /* Pods_ios_online_cinema_ios_online_cinemaUITests.framework in Frameworks */,
			);
			runOnlyForDeploymentPostprocessing = 0;
		};
/* End PBXFrameworksBuildPhase section */

/* Begin PBXGroup section */
		44E5D9E6C794B49828A30D13 /* Frameworks */ = {
			isa = PBXGroup;
			children = (
				D13BA8A99BA4B74C7A39E5FA /* Pods_ios_online_cinema.framework */,
				E55289162C20CABB5BA27EFA /* Pods_ios_online_cinema_ios_online_cinemaUITests.framework */,
				EFCCB278884BA3E50A35AE29 /* Pods_ios_online_cinemaTests.framework */,
			);
			name = Frameworks;
			sourceTree = "<group>";
		};
		77E4F2962A8510A60028EACA /* Recovered References */ = {
			isa = PBXGroup;
			children = (
				85F3FB512A7E736A00F0B849 /* MovieCollectionViewCell.swift */,
			);
			name = "Recovered References";
			sourceTree = "<group>";
		};
		85072F5B2A78ECFC006E3D58 = {
			isa = PBXGroup;
			children = (
				85072F662A78ECFC006E3D58 /* ios-online-cinema */,
				85072F652A78ECFC006E3D58 /* Products */,
				91E8142493B718C8AD84E65F /* Pods */,
				44E5D9E6C794B49828A30D13 /* Frameworks */,
				77E4F2962A8510A60028EACA /* Recovered References */,
			);
			sourceTree = "<group>";
		};
		85072F652A78ECFC006E3D58 /* Products */ = {
			isa = PBXGroup;
			children = (
				85072F642A78ECFC006E3D58 /* ios-online-cinema.app */,
				85072F7A2A78ECFD006E3D58 /* ios-online-cinemaTests.xctest */,
				85072F842A78ECFD006E3D58 /* ios-online-cinemaUITests.xctest */,
			);
			name = Products;
			sourceTree = "<group>";
		};
		85072F662A78ECFC006E3D58 /* ios-online-cinema */ = {
			isa = PBXGroup;
			children = (
				852800AE2AC6DF310048A266 /* DI */,
				859B35EC2A9C9B58001EED3A /* CoreData */,
				858A4A222A7901D400B2042E /* Coordinators */,
				8542CBA22A839B86008025BE /* Scenes */,
				85F3FAB82A7923FE00F0B849 /* Network */,
				858A4A1C2A78FD1500B2042E /* Models */,
				85F3FB3A2A7E6D9400F0B849 /* Fonts */,
				85072F672A78ECFC006E3D58 /* AppDelegate.swift */,
				85072F702A78ECFD006E3D58 /* Assets.xcassets */,
				85072F752A78ECFD006E3D58 /* Info.plist */,
			);
			path = "ios-online-cinema";
			sourceTree = "<group>";
		};
		852800AE2AC6DF310048A266 /* DI */ = {
			isa = PBXGroup;
			children = (
				852800AF2AC6E2120048A266 /* Resolver.swift */,
			);
			path = DI;
			sourceTree = "<group>";
		};
		853BC3B42A98991D00510A72 /* Response */ = {
			isa = PBXGroup;
			children = (
				85F3FAB42A791F5E00F0B849 /* MoviesResponseModel.swift */,
				85F3FAB62A791FFB00F0B849 /* MoviesDetailsResponseModel.swift */,
				85F3FB532A810B8500F0B849 /* MovieGenresResponseModel.swift */,
				85C07A8A2AAB440B00B54F36 /* MoviesGeneratorResponseModel.swift */,
			);
			path = Response;
			sourceTree = "<group>";
		};
		853BC3B52A989B7D00510A72 /* Custom */ = {
			isa = PBXGroup;
			children = (
				85F3FB4E2A7E70D300F0B849 /* ProximaNovaFont.swift */,
				855485B72A864E7D00A18BE0 /* MovieCollectionViewCellModel.swift */,
				853BC3B22A98951A00510A72 /* MoviesDetailsCellDataProtocol.swift */,
				85BBB0B52AA0ADD300B8AE4E /* FavouriteMovieDB.swift */,
			);
			path = Custom;
			sourceTree = "<group>";
		};
		853BC3B62A98C77400510A72 /* Cells */ = {
			isa = PBXGroup;
			children = (
				77E4F29E2A8512140028EACA /* MovieCollectionViewCell.swift */,
			);
			path = Cells;
			sourceTree = "<group>";
		};
		853BC3B72A98C77B00510A72 /* Cells */ = {
			isa = PBXGroup;
			children = (
				85F7CD732A8CE9CD002762D4 /* MoviePosterTableViewCell.swift */,
				85F7CD752A8CE9E1002762D4 /* MovieInfoTableViewCell.swift */,
				85F7CD772A8CEA13002762D4 /* MovieOverviewTableViewCell.swift */,
			);
			path = Cells;
			sourceTree = "<group>";
		};
		8542CBA22A839B86008025BE /* Scenes */ = {
			isa = PBXGroup;
			children = (
				8542CBAC2A839C8C008025BE /* TabBar */,
				8542CBA32A839B91008025BE /* MoviesFeed */,
				8542CBA92A839C36008025BE /* MoviesDetails */,
				85C07A7E2AAB180200B54F36 /* MoviesGenerator */,
				8542CBA42A839B98008025BE /* FavouriteMovies */,
			);
			path = Scenes;
			sourceTree = "<group>";
		};
		8542CBA32A839B91008025BE /* MoviesFeed */ = {
			isa = PBXGroup;
			children = (
				854F9E872AE15CCE004AE085 /*  Converters */,
				853BC3B62A98C77400510A72 /* Cells */,
				8542CBA52A839BAE008025BE /* Views */,
				8542CBA62A839BB3008025BE /* ViewModels */,
			);
			path = MoviesFeed;
			sourceTree = "<group>";
		};
		8542CBA42A839B98008025BE /* FavouriteMovies */ = {
			isa = PBXGroup;
			children = (
				859B35E92A9C999F001EED3A /* Cells */,
				8542CBA82A839BBC008025BE /* Views */,
				8542CBA72A839BB8008025BE /* ViewModels */,
			);
			path = FavouriteMovies;
			sourceTree = "<group>";
		};
		8542CBA52A839BAE008025BE /* Views */ = {
			isa = PBXGroup;
			children = (
				85F3FAAE2A791C1A00F0B849 /* MoviesFeedViewController.swift */,
			);
			path = Views;
			sourceTree = "<group>";
		};
		8542CBA62A839BB3008025BE /* ViewModels */ = {
			isa = PBXGroup;
			children = (
				85F3FAB92A7924BE00F0B849 /* MoviesFeedViewModel.swift */,
				85E543482A84C4BC008B714A /* MoviesFeedViewModelProtocol.swift */,
			);
			path = ViewModels;
			sourceTree = "<group>";
		};
		8542CBA72A839BB8008025BE /* ViewModels */ = {
			isa = PBXGroup;
			children = (
				85F3FABD2A7924D400F0B849 /* FavouriteMoviesViewModel.swift */,
				85E543442A84C498008B714A /* FavouriteMoviesViewModelProtocol.swift */,
			);
			path = ViewModels;
			sourceTree = "<group>";
		};
		8542CBA82A839BBC008025BE /* Views */ = {
			isa = PBXGroup;
			children = (
				85F3FAB22A791C4800F0B849 /* FavouriteMoviesViewController.swift */,
			);
			path = Views;
			sourceTree = "<group>";
		};
		8542CBA92A839C36008025BE /* MoviesDetails */ = {
			isa = PBXGroup;
			children = (
				85D9072B2AA88A78007E4BE9 /* Converters */,
				853BC3B72A98C77B00510A72 /* Cells */,
				8542CBAA2A839C3F008025BE /* Views */,
				8542CBAB2A839C42008025BE /* ViewModels */,
			);
			path = MoviesDetails;
			sourceTree = "<group>";
		};
		8542CBAA2A839C3F008025BE /* Views */ = {
			isa = PBXGroup;
			children = (
				85F3FAB02A791C2F00F0B849 /* MoviesDetailsViewController.swift */,
			);
			path = Views;
			sourceTree = "<group>";
		};
		8542CBAB2A839C42008025BE /* ViewModels */ = {
			isa = PBXGroup;
			children = (
				85F3FABF2A79259F00F0B849 /* MoviesDetailsViewModel.swift */,
				85E543462A84C4AC008B714A /* MoviesDetailsViewModelProtocol.swift */,
			);
			path = ViewModels;
			sourceTree = "<group>";
		};
		8542CBAC2A839C8C008025BE /* TabBar */ = {
			isa = PBXGroup;
			children = (
				8542CBAD2A839C94008025BE /* Views */,
				8542CBAE2A839C97008025BE /* ViewModels */,
			);
			path = TabBar;
			sourceTree = "<group>";
		};
		8542CBAD2A839C94008025BE /* Views */ = {
			isa = PBXGroup;
			children = (
				85F3FB012A7A373400F0B849 /* TabBarViewController.swift */,
			);
			path = Views;
			sourceTree = "<group>";
		};
		8542CBAE2A839C97008025BE /* ViewModels */ = {
			isa = PBXGroup;
			children = (
			);
			path = ViewModels;
			sourceTree = "<group>";
		};
		854F9E872AE15CCE004AE085 /*  Converters */ = {
			isa = PBXGroup;
			children = (
				854F9E882AE15CED004AE085 /* MoviesFeedConverter.swift */,
			);
			path = " Converters";
			sourceTree = "<group>";
		};
		854F9E8A2AE1637D004AE085 /* Converters */ = {
			isa = PBXGroup;
			children = (
				854F9E8B2AE1638F004AE085 /* MoviesGeneratorConverter.swift */,
			);
			path = Converters;
			sourceTree = "<group>";
		};
		85520F0E2AC2F89F005260EE /* MoviesGeneratorViewModel */ = {
			isa = PBXGroup;
			children = (
				85C07A832AAB189B00B54F36 /* MoviesGeneratorViewModel.swift */,
				85C07A862AAB18A800B54F36 /* MoviesGeneratorViewModelProtocol.swift */,
			);
			path = MoviesGeneratorViewModel;
			sourceTree = "<group>";
		};
		85520F0F2AC2F8B5005260EE /* GenrePickerViewModel */ = {
			isa = PBXGroup;
			children = (
				8539E6BD2ABDAD3B0091A47A /* GenrePickerViewModel.swift */,
				8539E6BF2ABDAD530091A47A /* GenrePickerViewModelProtocol.swift */,
			);
			path = GenrePickerViewModel;
			sourceTree = "<group>";
		};
		858A4A1C2A78FD1500B2042E /* Models */ = {
			isa = PBXGroup;
			children = (
				853BC3B52A989B7D00510A72 /* Custom */,
				853BC3B42A98991D00510A72 /* Response */,
			);
			path = Models;
			sourceTree = "<group>";
		};
		858A4A222A7901D400B2042E /* Coordinators */ = {
			isa = PBXGroup;
			children = (
				858A4A272A7908FA00B2042E /* Protocols */,
				858A4A252A79027B00B2042E /* AppCoordinator.swift */,
				85F3FB2C2A7B870E00F0B849 /* TabBarCoordinator.swift */,
				85F3FB302A7B90CA00F0B849 /* MoviesFeedCoordinator.swift */,
				85F3FB322A7B90D500F0B849 /* FavouriteMoviesCoordinator.swift */,
				85C07A882AAB1BA800B54F36 /* MoviesGeneratorCoordinator.swift */,
			);
			path = Coordinators;
			sourceTree = "<group>";
		};
		858A4A272A7908FA00B2042E /* Protocols */ = {
			isa = PBXGroup;
			children = (
				858A4A232A7901F100B2042E /* Coordinator.swift */,
				85F3FB342A7CD47000F0B849 /* TabBarPage.swift */,
			);
			path = Protocols;
			sourceTree = "<group>";
		};
		859B35E92A9C999F001EED3A /* Cells */ = {
			isa = PBXGroup;
			children = (
				859B35EA2A9C99B5001EED3A /* FavouriteMovieTableViewCell.swift */,
			);
			path = Cells;
			sourceTree = "<group>";
		};
		859B35EC2A9C9B58001EED3A /* CoreData */ = {
			isa = PBXGroup;
			children = (
				859B35F32A9C9D12001EED3A /* FavouriteMovieMO.swift */,
				859B35F72A9CA0A6001EED3A /* CoreDataManager.swift */,
				85D907292AA8883E007E4BE9 /* CoreDataError.swift */,
				85BBB0BB2AA1F1A600B8AE4E /* FavouriteMovieDataRepository.swift */,
				85BBB0B72AA1D65A00B8AE4E /* FavouriteMoviesConverter.swift */,
				859B35F92A9CB188001EED3A /* FavouriteMoviesData.xcdatamodeld */,
			);
			path = CoreData;
			sourceTree = "<group>";
		};
		85B137B62AB45C4400621D88 /* Cells */ = {
			isa = PBXGroup;
			children = (
				85B137B72AB45C5600621D88 /* GenrePickerTableViewCell.swift */,
			);
			path = Cells;
			sourceTree = "<group>";
		};
		85C07A7E2AAB180200B54F36 /* MoviesGenerator */ = {
			isa = PBXGroup;
			children = (
				85520F102AC42FC9005260EE /* MoviesGeneratorError.swift */,
				854F9E8A2AE1637D004AE085 /* Converters */,
				85B137B62AB45C4400621D88 /* Cells */,
				85C07A7F2AAB183700B54F36 /* Views */,
				85C07A802AAB183E00B54F36 /* ViewModels */,
			);
			path = MoviesGenerator;
			sourceTree = "<group>";
		};
		85C07A7F2AAB183700B54F36 /* Views */ = {
			isa = PBXGroup;
			children = (
				85C07A812AAB189000B54F36 /* MoviesGeneratorViewController.swift */,
				85B137B02AB458DE00621D88 /* GenrePickerViewController.swift */,
			);
			path = Views;
			sourceTree = "<group>";
		};
		85C07A802AAB183E00B54F36 /* ViewModels */ = {
			isa = PBXGroup;
			children = (
				85520F0E2AC2F89F005260EE /* MoviesGeneratorViewModel */,
				85520F0F2AC2F8B5005260EE /* GenrePickerViewModel */,
			);
			path = ViewModels;
			sourceTree = "<group>";
		};
		85C2F0FE2A850758001395FC /* ApiService */ = {
			isa = PBXGroup;
			children = (
				85F3FB362A7CFC8200F0B849 /* APIService.swift */,
				85E5434A2A84CF48008B714A /* APIServiceProtocol.swift */,
			);
			path = ApiService;
			sourceTree = "<group>";
		};
		85C2F0FF2A850762001395FC /* NetworkWorker */ = {
			isa = PBXGroup;
			children = (
				85C2F0FA2A84F4D3001395FC /* NetworkWorker.swift */,
				85C2F0FC2A84F50A001395FC /* NetworkWorkerProtocol.swift */,
			);
			path = NetworkWorker;
			sourceTree = "<group>";
		};
		85D9072B2AA88A78007E4BE9 /* Converters */ = {
			isa = PBXGroup;
			children = (
				85D9072C2AA88A8A007E4BE9 /* MoviesDetailsConverter.swift */,
			);
			path = Converters;
			sourceTree = "<group>";
		};
		85F3FAB82A7923FE00F0B849 /* Network */ = {
			isa = PBXGroup;
			children = (
				85C2F0FF2A850762001395FC /* NetworkWorker */,
				85C2F0FE2A850758001395FC /* ApiService */,
				8542CB9E2A838FD4008025BE /* APIMethods.swift */,
				8542CBA02A839063008025BE /* Constants.swift */,
				85F3FB382A7CFFF600F0B849 /* APIError.swift */,
				85C2F0F82A84F40A001395FC /* Endpoints.swift */,
			);
			path = Network;
			sourceTree = "<group>";
		};
		85F3FB3A2A7E6D9400F0B849 /* Fonts */ = {
			isa = PBXGroup;
			children = (
				85F3FB3C2A7E6DBA00F0B849 /* ProximaNova-Black_1.ttf */,
				85F3FB3E2A7E6DBA00F0B849 /* ProximaNova-Black.ttf */,
				85F3FB412A7E6DBA00F0B849 /* ProximaNova-BlackIt.ttf */,
				85F3FB3D2A7E6DBA00F0B849 /* ProximaNova-Bold.ttf */,
				85F3FB3F2A7E6DBA00F0B849 /* ProximaNova-BoldIt.ttf */,
				85F3FB3B2A7E6DBA00F0B849 /* ProximaNova-ExtraBold.ttf */,
				85F3FB402A7E6DBA00F0B849 /* ProximaNova-Light.ttf */,
				85F3FB422A7E6DBA00F0B849 /* ProximaNova-Regular.ttf */,
			);
			path = Fonts;
			sourceTree = "<group>";
		};
		91E8142493B718C8AD84E65F /* Pods */ = {
			isa = PBXGroup;
			children = (
				7C3C254E05842F42F7A08397 /* Pods-ios-online-cinema.debug.xcconfig */,
				2F9AD722EBC5C346B1CAB97C /* Pods-ios-online-cinema.release.xcconfig */,
				EB6AB7825A32D9CF3F2BD4DC /* Pods-ios-online-cinema-ios-online-cinemaUITests.debug.xcconfig */,
				715E78BAD1B13524ACB0C1F6 /* Pods-ios-online-cinema-ios-online-cinemaUITests.release.xcconfig */,
				B088D5416E9253D3914DA36F /* Pods-ios-online-cinemaTests.debug.xcconfig */,
				DF0FE93836042491867D13BC /* Pods-ios-online-cinemaTests.release.xcconfig */,
			);
			path = Pods;
			sourceTree = "<group>";
		};
/* End PBXGroup section */

/* Begin PBXNativeTarget section */
		85072F632A78ECFC006E3D58 /* ios-online-cinema */ = {
			isa = PBXNativeTarget;
			buildConfigurationList = 85072F8E2A78ECFD006E3D58 /* Build configuration list for PBXNativeTarget "ios-online-cinema" */;
			buildPhases = (
				39B891AB9B202AFA54EEEC99 /* [CP] Check Pods Manifest.lock */,
				85072F602A78ECFC006E3D58 /* Sources */,
				85072F612A78ECFC006E3D58 /* Frameworks */,
				85072F622A78ECFC006E3D58 /* Resources */,
				F33260FA9E7391C13F2E427C /* [CP] Embed Pods Frameworks */,
				77E4F28D2A84D1070028EACA /* SwiftLint */,
			);
			buildRules = (
			);
			dependencies = (
			);
			name = "ios-online-cinema";
			productName = "ios-online-cinema";
			productReference = 85072F642A78ECFC006E3D58 /* ios-online-cinema.app */;
			productType = "com.apple.product-type.application";
		};
		85072F792A78ECFD006E3D58 /* ios-online-cinemaTests */ = {
			isa = PBXNativeTarget;
			buildConfigurationList = 85072F912A78ECFD006E3D58 /* Build configuration list for PBXNativeTarget "ios-online-cinemaTests" */;
			buildPhases = (
				267790396106589FCBD539FB /* [CP] Check Pods Manifest.lock */,
				85072F762A78ECFD006E3D58 /* Sources */,
				85072F772A78ECFD006E3D58 /* Frameworks */,
				85072F782A78ECFD006E3D58 /* Resources */,
			);
			buildRules = (
			);
			dependencies = (
				85072F7C2A78ECFD006E3D58 /* PBXTargetDependency */,
			);
			name = "ios-online-cinemaTests";
			productName = "ios-online-cinemaTests";
			productReference = 85072F7A2A78ECFD006E3D58 /* ios-online-cinemaTests.xctest */;
			productType = "com.apple.product-type.bundle.unit-test";
		};
		85072F832A78ECFD006E3D58 /* ios-online-cinemaUITests */ = {
			isa = PBXNativeTarget;
			buildConfigurationList = 85072F942A78ECFD006E3D58 /* Build configuration list for PBXNativeTarget "ios-online-cinemaUITests" */;
			buildPhases = (
				5D85B1BB42D5AACEDCA76C32 /* [CP] Check Pods Manifest.lock */,
				85072F802A78ECFD006E3D58 /* Sources */,
				85072F812A78ECFD006E3D58 /* Frameworks */,
				85072F822A78ECFD006E3D58 /* Resources */,
				4E63A99CA2F18DAB43469AA4 /* [CP] Embed Pods Frameworks */,
			);
			buildRules = (
			);
			dependencies = (
				85072F862A78ECFD006E3D58 /* PBXTargetDependency */,
			);
			name = "ios-online-cinemaUITests";
			productName = "ios-online-cinemaUITests";
			productReference = 85072F842A78ECFD006E3D58 /* ios-online-cinemaUITests.xctest */;
			productType = "com.apple.product-type.bundle.ui-testing";
		};
/* End PBXNativeTarget section */

/* Begin PBXProject section */
		85072F5C2A78ECFC006E3D58 /* Project object */ = {
			isa = PBXProject;
			attributes = {
				BuildIndependentTargetsInParallel = 1;
				LastSwiftUpdateCheck = 1430;
				LastUpgradeCheck = 1430;
				TargetAttributes = {
					85072F632A78ECFC006E3D58 = {
						CreatedOnToolsVersion = 14.3.1;
					};
					85072F792A78ECFD006E3D58 = {
						CreatedOnToolsVersion = 14.3.1;
						TestTargetID = 85072F632A78ECFC006E3D58;
					};
					85072F832A78ECFD006E3D58 = {
						CreatedOnToolsVersion = 14.3.1;
						TestTargetID = 85072F632A78ECFC006E3D58;
					};
				};
			};
			buildConfigurationList = 85072F5F2A78ECFC006E3D58 /* Build configuration list for PBXProject "ios-online-cinema" */;
			compatibilityVersion = "Xcode 13.0";
			developmentRegion = en;
			hasScannedForEncodings = 0;
			knownRegions = (
				en,
				Base,
			);
			mainGroup = 85072F5B2A78ECFC006E3D58;
			productRefGroup = 85072F652A78ECFC006E3D58 /* Products */;
			projectDirPath = "";
			projectRoot = "";
			targets = (
				85072F632A78ECFC006E3D58 /* ios-online-cinema */,
				85072F792A78ECFD006E3D58 /* ios-online-cinemaTests */,
				85072F832A78ECFD006E3D58 /* ios-online-cinemaUITests */,
			);
		};
/* End PBXProject section */

/* Begin PBXResourcesBuildPhase section */
		85072F622A78ECFC006E3D58 /* Resources */ = {
			isa = PBXResourcesBuildPhase;
			buildActionMask = 2147483647;
			files = (
				85F3FB442A7E6DBA00F0B849 /* ProximaNova-Black_1.ttf in Resources */,
				85F3FB482A7E6DBA00F0B849 /* ProximaNova-Light.ttf in Resources */,
				85F3FB462A7E6DBA00F0B849 /* ProximaNova-Black.ttf in Resources */,
				85072F712A78ECFD006E3D58 /* Assets.xcassets in Resources */,
				85F3FB472A7E6DBA00F0B849 /* ProximaNova-BoldIt.ttf in Resources */,
				85F3FB4A2A7E6DBA00F0B849 /* ProximaNova-Regular.ttf in Resources */,
				85F3FB452A7E6DBA00F0B849 /* ProximaNova-Bold.ttf in Resources */,
				85F3FB492A7E6DBA00F0B849 /* ProximaNova-BlackIt.ttf in Resources */,
				85F3FB432A7E6DBA00F0B849 /* ProximaNova-ExtraBold.ttf in Resources */,
			);
			runOnlyForDeploymentPostprocessing = 0;
		};
		85072F782A78ECFD006E3D58 /* Resources */ = {
			isa = PBXResourcesBuildPhase;
			buildActionMask = 2147483647;
			files = (
			);
			runOnlyForDeploymentPostprocessing = 0;
		};
		85072F822A78ECFD006E3D58 /* Resources */ = {
			isa = PBXResourcesBuildPhase;
			buildActionMask = 2147483647;
			files = (
			);
			runOnlyForDeploymentPostprocessing = 0;
		};
/* End PBXResourcesBuildPhase section */

/* Begin PBXShellScriptBuildPhase section */
		267790396106589FCBD539FB /* [CP] Check Pods Manifest.lock */ = {
			isa = PBXShellScriptBuildPhase;
			buildActionMask = 2147483647;
			files = (
			);
			inputFileListPaths = (
			);
			inputPaths = (
				"${PODS_PODFILE_DIR_PATH}/Podfile.lock",
				"${PODS_ROOT}/Manifest.lock",
			);
			name = "[CP] Check Pods Manifest.lock";
			outputFileListPaths = (
			);
			outputPaths = (
				"$(DERIVED_FILE_DIR)/Pods-ios-online-cinemaTests-checkManifestLockResult.txt",
			);
			runOnlyForDeploymentPostprocessing = 0;
			shellPath = /bin/sh;
			shellScript = "diff \"${PODS_PODFILE_DIR_PATH}/Podfile.lock\" \"${PODS_ROOT}/Manifest.lock\" > /dev/null\nif [ $? != 0 ] ; then\n    # print error to STDERR\n    echo \"error: The sandbox is not in sync with the Podfile.lock. Run 'pod install' or update your CocoaPods installation.\" >&2\n    exit 1\nfi\n# This output is used by Xcode 'outputs' to avoid re-running this script phase.\necho \"SUCCESS\" > \"${SCRIPT_OUTPUT_FILE_0}\"\n";
			showEnvVarsInLog = 0;
		};
		39B891AB9B202AFA54EEEC99 /* [CP] Check Pods Manifest.lock */ = {
			isa = PBXShellScriptBuildPhase;
			buildActionMask = 2147483647;
			files = (
			);
			inputFileListPaths = (
			);
			inputPaths = (
				"${PODS_PODFILE_DIR_PATH}/Podfile.lock",
				"${PODS_ROOT}/Manifest.lock",
			);
			name = "[CP] Check Pods Manifest.lock";
			outputFileListPaths = (
			);
			outputPaths = (
				"$(DERIVED_FILE_DIR)/Pods-ios-online-cinema-checkManifestLockResult.txt",
			);
			runOnlyForDeploymentPostprocessing = 0;
			shellPath = /bin/sh;
			shellScript = "diff \"${PODS_PODFILE_DIR_PATH}/Podfile.lock\" \"${PODS_ROOT}/Manifest.lock\" > /dev/null\nif [ $? != 0 ] ; then\n    # print error to STDERR\n    echo \"error: The sandbox is not in sync with the Podfile.lock. Run 'pod install' or update your CocoaPods installation.\" >&2\n    exit 1\nfi\n# This output is used by Xcode 'outputs' to avoid re-running this script phase.\necho \"SUCCESS\" > \"${SCRIPT_OUTPUT_FILE_0}\"\n";
			showEnvVarsInLog = 0;
		};
		4E63A99CA2F18DAB43469AA4 /* [CP] Embed Pods Frameworks */ = {
			isa = PBXShellScriptBuildPhase;
			buildActionMask = 2147483647;
			files = (
			);
			inputFileListPaths = (
				"${PODS_ROOT}/Target Support Files/Pods-ios-online-cinema-ios-online-cinemaUITests/Pods-ios-online-cinema-ios-online-cinemaUITests-frameworks-${CONFIGURATION}-input-files.xcfilelist",
			);
			name = "[CP] Embed Pods Frameworks";
			outputFileListPaths = (
				"${PODS_ROOT}/Target Support Files/Pods-ios-online-cinema-ios-online-cinemaUITests/Pods-ios-online-cinema-ios-online-cinemaUITests-frameworks-${CONFIGURATION}-output-files.xcfilelist",
			);
			runOnlyForDeploymentPostprocessing = 0;
			shellPath = /bin/sh;
			shellScript = "\"${PODS_ROOT}/Target Support Files/Pods-ios-online-cinema-ios-online-cinemaUITests/Pods-ios-online-cinema-ios-online-cinemaUITests-frameworks.sh\"\n";
			showEnvVarsInLog = 0;
		};
		5D85B1BB42D5AACEDCA76C32 /* [CP] Check Pods Manifest.lock */ = {
			isa = PBXShellScriptBuildPhase;
			buildActionMask = 2147483647;
			files = (
			);
			inputFileListPaths = (
			);
			inputPaths = (
				"${PODS_PODFILE_DIR_PATH}/Podfile.lock",
				"${PODS_ROOT}/Manifest.lock",
			);
			name = "[CP] Check Pods Manifest.lock";
			outputFileListPaths = (
			);
			outputPaths = (
				"$(DERIVED_FILE_DIR)/Pods-ios-online-cinema-ios-online-cinemaUITests-checkManifestLockResult.txt",
			);
			runOnlyForDeploymentPostprocessing = 0;
			shellPath = /bin/sh;
			shellScript = "diff \"${PODS_PODFILE_DIR_PATH}/Podfile.lock\" \"${PODS_ROOT}/Manifest.lock\" > /dev/null\nif [ $? != 0 ] ; then\n    # print error to STDERR\n    echo \"error: The sandbox is not in sync with the Podfile.lock. Run 'pod install' or update your CocoaPods installation.\" >&2\n    exit 1\nfi\n# This output is used by Xcode 'outputs' to avoid re-running this script phase.\necho \"SUCCESS\" > \"${SCRIPT_OUTPUT_FILE_0}\"\n";
			showEnvVarsInLog = 0;
		};
		77E4F28D2A84D1070028EACA /* SwiftLint */ = {
			isa = PBXShellScriptBuildPhase;
			buildActionMask = 2147483647;
			files = (
			);
			inputFileListPaths = (
			);
			inputPaths = (
			);
			name = SwiftLint;
			outputFileListPaths = (
			);
			outputPaths = (
			);
			runOnlyForDeploymentPostprocessing = 0;
			shellPath = /bin/sh;
			shellScript = "if [[ \"$(uname -m)\" == arm64 ]]; then\n    export PATH=\"/opt/homebrew/bin:$PATH\"\nfi\n\nif which swiftlint > /dev/null; then\n  swiftlint\nelse\n  echo \"warning: SwiftLint not installed, download from https://github.com/realm/SwiftLint\"\nfi\n";
		};
		F33260FA9E7391C13F2E427C /* [CP] Embed Pods Frameworks */ = {
			isa = PBXShellScriptBuildPhase;
			buildActionMask = 2147483647;
			files = (
			);
			inputFileListPaths = (
				"${PODS_ROOT}/Target Support Files/Pods-ios-online-cinema/Pods-ios-online-cinema-frameworks-${CONFIGURATION}-input-files.xcfilelist",
			);
			name = "[CP] Embed Pods Frameworks";
			outputFileListPaths = (
				"${PODS_ROOT}/Target Support Files/Pods-ios-online-cinema/Pods-ios-online-cinema-frameworks-${CONFIGURATION}-output-files.xcfilelist",
			);
			runOnlyForDeploymentPostprocessing = 0;
			shellPath = /bin/sh;
			shellScript = "\"${PODS_ROOT}/Target Support Files/Pods-ios-online-cinema/Pods-ios-online-cinema-frameworks.sh\"\n";
			showEnvVarsInLog = 0;
		};
/* End PBXShellScriptBuildPhase section */

/* Begin PBXSourcesBuildPhase section */
		85072F602A78ECFC006E3D58 /* Sources */ = {
			isa = PBXSourcesBuildPhase;
			buildActionMask = 2147483647;
			files = (
				85D9072D2AA88A8A007E4BE9 /* MoviesDetailsConverter.swift in Sources */,
				8542CBA12A839063008025BE /* Constants.swift in Sources */,
				85F3FB022A7A373400F0B849 /* TabBarViewController.swift in Sources */,
				85520F112AC42FC9005260EE /* MoviesGeneratorError.swift in Sources */,
				85F3FAC02A79259F00F0B849 /* MoviesDetailsViewModel.swift in Sources */,
				85F3FAB52A791F5E00F0B849 /* MoviesResponseModel.swift in Sources */,
				85F3FB372A7CFC8200F0B849 /* APIService.swift in Sources */,
				85F3FAAF2A791C1A00F0B849 /* MoviesFeedViewController.swift in Sources */,
				858A4A262A79027B00B2042E /* AppCoordinator.swift in Sources */,
				85F3FAB12A791C2F00F0B849 /* MoviesDetailsViewController.swift in Sources */,
				85E543452A84C498008B714A /* FavouriteMoviesViewModelProtocol.swift in Sources */,
				85C2F0FB2A84F4D3001395FC /* NetworkWorker.swift in Sources */,
				85C2F0FD2A84F50A001395FC /* NetworkWorkerProtocol.swift in Sources */,
				85E5434B2A84CF48008B714A /* APIServiceProtocol.swift in Sources */,
				85F3FB392A7CFFF600F0B849 /* APIError.swift in Sources */,
				85F7CD742A8CE9CD002762D4 /* MoviePosterTableViewCell.swift in Sources */,
				85F3FB332A7B90D500F0B849 /* FavouriteMoviesCoordinator.swift in Sources */,
				85C07A892AAB1BA800B54F36 /* MoviesGeneratorCoordinator.swift in Sources */,
				85F7CD762A8CE9E1002762D4 /* MovieInfoTableViewCell.swift in Sources */,
				85F3FB542A810B8500F0B849 /* MovieGenresResponseModel.swift in Sources */,
				85F3FABA2A7924BE00F0B849 /* MoviesFeedViewModel.swift in Sources */,
				859B35F52A9C9D12001EED3A /* FavouriteMovieMO.swift in Sources */,
				85F3FAB72A791FFB00F0B849 /* MoviesDetailsResponseModel.swift in Sources */,
				85F3FB4F2A7E70D300F0B849 /* ProximaNovaFont.swift in Sources */,
				85F3FB312A7B90CA00F0B849 /* MoviesFeedCoordinator.swift in Sources */,
				85F3FAB32A791C4800F0B849 /* FavouriteMoviesViewController.swift in Sources */,
				859B35F82A9CA0A6001EED3A /* CoreDataManager.swift in Sources */,
				85E543472A84C4AC008B714A /* MoviesDetailsViewModelProtocol.swift in Sources */,
				85F3FABE2A7924D400F0B849 /* FavouriteMoviesViewModel.swift in Sources */,
				85E543492A84C4BC008B714A /* MoviesFeedViewModelProtocol.swift in Sources */,
				85B137B82AB45C5600621D88 /* GenrePickerTableViewCell.swift in Sources */,
				85F3FB332A7B90D500F0B849 /* FavouriteMoviesCoordinator.swift in Sources */,
				85BBB0B62AA0ADD300B8AE4E /* FavouriteMovieDB.swift in Sources */,
				854F9E892AE15CED004AE085 /* MoviesFeedConverter.swift in Sources */,
				85F3FB352A7CD47000F0B849 /* TabBarPage.swift in Sources */,
				85BBB0BC2AA1F1A600B8AE4E /* FavouriteMovieDataRepository.swift in Sources */,
				85C07A8B2AAB440B00B54F36 /* MoviesGeneratorResponseModel.swift in Sources */,
				85F3FB312A7B90CA00F0B849 /* MoviesFeedCoordinator.swift in Sources */,
				8539E6C02ABDAD530091A47A /* GenrePickerViewModelProtocol.swift in Sources */,
				85D9072A2AA8883E007E4BE9 /* CoreDataError.swift in Sources */,
				85B137B12AB458DE00621D88 /* GenrePickerViewController.swift in Sources */,
				854F9E8C2AE1638F004AE085 /* MoviesGeneratorConverter.swift in Sources */,
				8539E6BE2ABDAD3B0091A47A /* GenrePickerViewModel.swift in Sources */,
				85BBB0B82AA1D65A00B8AE4E /* FavouriteMoviesConverter.swift in Sources */,
				852800B02AC6E2120048A266 /* Resolver.swift in Sources */,
				85C07A872AAB18A800B54F36 /* MoviesGeneratorViewModelProtocol.swift in Sources */,
				85F7CD782A8CEA13002762D4 /* MovieOverviewTableViewCell.swift in Sources */,
				85F3FB2D2A7B870E00F0B849 /* TabBarCoordinator.swift in Sources */,
				858A4A242A7901F100B2042E /* Coordinator.swift in Sources */,
				85072F682A78ECFC006E3D58 /* AppDelegate.swift in Sources */,
				853BC3B32A98951A00510A72 /* MoviesDetailsCellDataProtocol.swift in Sources */,
				77E4F29F2A8512140028EACA /* MovieCollectionViewCell.swift in Sources */,
				855485B82A864E7D00A18BE0 /* MovieCollectionViewCellModel.swift in Sources */,
				85C07A822AAB189000B54F36 /* MoviesGeneratorViewController.swift in Sources */,
				85C2F0F92A84F40A001395FC /* Endpoints.swift in Sources */,
				859B35EB2A9C99B5001EED3A /* FavouriteMovieTableViewCell.swift in Sources */,
				859B35FB2A9CB189001EED3A /* FavouriteMoviesData.xcdatamodeld in Sources */,
				8542CB9F2A838FD4008025BE /* APIMethods.swift in Sources */,
				85C07A842AAB189B00B54F36 /* MoviesGeneratorViewModel.swift in Sources */,
			);
			runOnlyForDeploymentPostprocessing = 0;
		};
		85072F762A78ECFD006E3D58 /* Sources */ = {
			isa = PBXSourcesBuildPhase;
			buildActionMask = 2147483647;
			files = (
			);
			runOnlyForDeploymentPostprocessing = 0;
		};
		85072F802A78ECFD006E3D58 /* Sources */ = {
			isa = PBXSourcesBuildPhase;
			buildActionMask = 2147483647;
			files = (
			);
			runOnlyForDeploymentPostprocessing = 0;
		};
/* End PBXSourcesBuildPhase section */

/* Begin PBXTargetDependency section */
		85072F7C2A78ECFD006E3D58 /* PBXTargetDependency */ = {
			isa = PBXTargetDependency;
			target = 85072F632A78ECFC006E3D58 /* ios-online-cinema */;
			targetProxy = 85072F7B2A78ECFD006E3D58 /* PBXContainerItemProxy */;
		};
		85072F862A78ECFD006E3D58 /* PBXTargetDependency */ = {
			isa = PBXTargetDependency;
			target = 85072F632A78ECFC006E3D58 /* ios-online-cinema */;
			targetProxy = 85072F852A78ECFD006E3D58 /* PBXContainerItemProxy */;
		};
/* End PBXTargetDependency section */

/* Begin XCBuildConfiguration section */
		85072F8C2A78ECFD006E3D58 /* Debug */ = {
			isa = XCBuildConfiguration;
			buildSettings = {
				ALWAYS_SEARCH_USER_PATHS = NO;
				CLANG_ANALYZER_NONNULL = YES;
				CLANG_ANALYZER_NUMBER_OBJECT_CONVERSION = YES_AGGRESSIVE;
				CLANG_CXX_LANGUAGE_STANDARD = "gnu++20";
				CLANG_ENABLE_MODULES = YES;
				CLANG_ENABLE_OBJC_ARC = YES;
				CLANG_ENABLE_OBJC_WEAK = YES;
				CLANG_WARN_BLOCK_CAPTURE_AUTORELEASING = YES;
				CLANG_WARN_BOOL_CONVERSION = YES;
				CLANG_WARN_COMMA = YES;
				CLANG_WARN_CONSTANT_CONVERSION = YES;
				CLANG_WARN_DEPRECATED_OBJC_IMPLEMENTATIONS = YES;
				CLANG_WARN_DIRECT_OBJC_ISA_USAGE = YES_ERROR;
				CLANG_WARN_DOCUMENTATION_COMMENTS = YES;
				CLANG_WARN_EMPTY_BODY = YES;
				CLANG_WARN_ENUM_CONVERSION = YES;
				CLANG_WARN_INFINITE_RECURSION = YES;
				CLANG_WARN_INT_CONVERSION = YES;
				CLANG_WARN_NON_LITERAL_NULL_CONVERSION = YES;
				CLANG_WARN_OBJC_IMPLICIT_RETAIN_SELF = YES;
				CLANG_WARN_OBJC_LITERAL_CONVERSION = YES;
				CLANG_WARN_OBJC_ROOT_CLASS = YES_ERROR;
				CLANG_WARN_QUOTED_INCLUDE_IN_FRAMEWORK_HEADER = YES;
				CLANG_WARN_RANGE_LOOP_ANALYSIS = YES;
				CLANG_WARN_STRICT_PROTOTYPES = YES;
				CLANG_WARN_SUSPICIOUS_MOVE = YES;
				CLANG_WARN_UNGUARDED_AVAILABILITY = YES_AGGRESSIVE;
				CLANG_WARN_UNREACHABLE_CODE = YES;
				CLANG_WARN__DUPLICATE_METHOD_MATCH = YES;
				COPY_PHASE_STRIP = NO;
				DEBUG_INFORMATION_FORMAT = dwarf;
				ENABLE_STRICT_OBJC_MSGSEND = YES;
				ENABLE_TESTABILITY = YES;
				GCC_C_LANGUAGE_STANDARD = gnu11;
				GCC_DYNAMIC_NO_PIC = NO;
				GCC_NO_COMMON_BLOCKS = YES;
				GCC_OPTIMIZATION_LEVEL = 0;
				GCC_PREPROCESSOR_DEFINITIONS = (
					"DEBUG=1",
					"$(inherited)",
				);
				GCC_WARN_64_TO_32_BIT_CONVERSION = YES;
				GCC_WARN_ABOUT_RETURN_TYPE = YES_ERROR;
				GCC_WARN_UNDECLARED_SELECTOR = YES;
				GCC_WARN_UNINITIALIZED_AUTOS = YES_AGGRESSIVE;
				GCC_WARN_UNUSED_FUNCTION = YES;
				GCC_WARN_UNUSED_VARIABLE = YES;
				IPHONEOS_DEPLOYMENT_TARGET = 16.4;
				MTL_ENABLE_DEBUG_INFO = INCLUDE_SOURCE;
				MTL_FAST_MATH = YES;
				ONLY_ACTIVE_ARCH = YES;
				SDKROOT = iphoneos;
				SWIFT_ACTIVE_COMPILATION_CONDITIONS = DEBUG;
				SWIFT_OPTIMIZATION_LEVEL = "-Onone";
			};
			name = Debug;
		};
		85072F8D2A78ECFD006E3D58 /* Release */ = {
			isa = XCBuildConfiguration;
			buildSettings = {
				ALWAYS_SEARCH_USER_PATHS = NO;
				CLANG_ANALYZER_NONNULL = YES;
				CLANG_ANALYZER_NUMBER_OBJECT_CONVERSION = YES_AGGRESSIVE;
				CLANG_CXX_LANGUAGE_STANDARD = "gnu++20";
				CLANG_ENABLE_MODULES = YES;
				CLANG_ENABLE_OBJC_ARC = YES;
				CLANG_ENABLE_OBJC_WEAK = YES;
				CLANG_WARN_BLOCK_CAPTURE_AUTORELEASING = YES;
				CLANG_WARN_BOOL_CONVERSION = YES;
				CLANG_WARN_COMMA = YES;
				CLANG_WARN_CONSTANT_CONVERSION = YES;
				CLANG_WARN_DEPRECATED_OBJC_IMPLEMENTATIONS = YES;
				CLANG_WARN_DIRECT_OBJC_ISA_USAGE = YES_ERROR;
				CLANG_WARN_DOCUMENTATION_COMMENTS = YES;
				CLANG_WARN_EMPTY_BODY = YES;
				CLANG_WARN_ENUM_CONVERSION = YES;
				CLANG_WARN_INFINITE_RECURSION = YES;
				CLANG_WARN_INT_CONVERSION = YES;
				CLANG_WARN_NON_LITERAL_NULL_CONVERSION = YES;
				CLANG_WARN_OBJC_IMPLICIT_RETAIN_SELF = YES;
				CLANG_WARN_OBJC_LITERAL_CONVERSION = YES;
				CLANG_WARN_OBJC_ROOT_CLASS = YES_ERROR;
				CLANG_WARN_QUOTED_INCLUDE_IN_FRAMEWORK_HEADER = YES;
				CLANG_WARN_RANGE_LOOP_ANALYSIS = YES;
				CLANG_WARN_STRICT_PROTOTYPES = YES;
				CLANG_WARN_SUSPICIOUS_MOVE = YES;
				CLANG_WARN_UNGUARDED_AVAILABILITY = YES_AGGRESSIVE;
				CLANG_WARN_UNREACHABLE_CODE = YES;
				CLANG_WARN__DUPLICATE_METHOD_MATCH = YES;
				COPY_PHASE_STRIP = NO;
				DEBUG_INFORMATION_FORMAT = "dwarf-with-dsym";
				ENABLE_NS_ASSERTIONS = NO;
				ENABLE_STRICT_OBJC_MSGSEND = YES;
				GCC_C_LANGUAGE_STANDARD = gnu11;
				GCC_NO_COMMON_BLOCKS = YES;
				GCC_WARN_64_TO_32_BIT_CONVERSION = YES;
				GCC_WARN_ABOUT_RETURN_TYPE = YES_ERROR;
				GCC_WARN_UNDECLARED_SELECTOR = YES;
				GCC_WARN_UNINITIALIZED_AUTOS = YES_AGGRESSIVE;
				GCC_WARN_UNUSED_FUNCTION = YES;
				GCC_WARN_UNUSED_VARIABLE = YES;
				IPHONEOS_DEPLOYMENT_TARGET = 16.4;
				MTL_ENABLE_DEBUG_INFO = NO;
				MTL_FAST_MATH = YES;
				SDKROOT = iphoneos;
				SWIFT_COMPILATION_MODE = wholemodule;
				SWIFT_OPTIMIZATION_LEVEL = "-O";
				VALIDATE_PRODUCT = YES;
			};
			name = Release;
		};
		85072F8F2A78ECFD006E3D58 /* Debug */ = {
			isa = XCBuildConfiguration;
			baseConfigurationReference = 7C3C254E05842F42F7A08397 /* Pods-ios-online-cinema.debug.xcconfig */;
			buildSettings = {
				ASSETCATALOG_COMPILER_APPICON_NAME = AppIcon;
				ASSETCATALOG_COMPILER_GLOBAL_ACCENT_COLOR_NAME = AccentColor;
				CODE_SIGN_STYLE = Automatic;
				CURRENT_PROJECT_VERSION = 1;
				DEVELOPMENT_TEAM = 99J8T8PS7H;
				GENERATE_INFOPLIST_FILE = YES;
				INFOPLIST_FILE = "ios-online-cinema/Info.plist";
				INFOPLIST_KEY_UIApplicationSupportsIndirectInputEvents = YES;
				INFOPLIST_KEY_UILaunchStoryboardName = LaunchScreen;
				INFOPLIST_KEY_UIStatusBarStyle = "";
				INFOPLIST_KEY_UISupportedInterfaceOrientations_iPad = "UIInterfaceOrientationPortrait UIInterfaceOrientationPortraitUpsideDown UIInterfaceOrientationLandscapeLeft UIInterfaceOrientationLandscapeRight";
				INFOPLIST_KEY_UISupportedInterfaceOrientations_iPhone = "UIInterfaceOrientationPortrait UIInterfaceOrientationLandscapeLeft UIInterfaceOrientationLandscapeRight";
				INFOPLIST_KEY_UIUserInterfaceStyle = Light;
				LD_RUNPATH_SEARCH_PATHS = (
					"$(inherited)",
					"@executable_path/Frameworks",
				);
				MARKETING_VERSION = 1.0;
				PRODUCT_BUNDLE_IDENTIFIER = "com.ios-online-cinema";
				PRODUCT_NAME = "$(TARGET_NAME)";
				SWIFT_EMIT_LOC_STRINGS = YES;
				SWIFT_VERSION = 5.0;
				TARGETED_DEVICE_FAMILY = "1,2";
			};
			name = Debug;
		};
		85072F902A78ECFD006E3D58 /* Release */ = {
			isa = XCBuildConfiguration;
			baseConfigurationReference = 2F9AD722EBC5C346B1CAB97C /* Pods-ios-online-cinema.release.xcconfig */;
			buildSettings = {
				ASSETCATALOG_COMPILER_APPICON_NAME = AppIcon;
				ASSETCATALOG_COMPILER_GLOBAL_ACCENT_COLOR_NAME = AccentColor;
				CODE_SIGN_STYLE = Automatic;
				CURRENT_PROJECT_VERSION = 1;
				DEVELOPMENT_TEAM = 99J8T8PS7H;
				GENERATE_INFOPLIST_FILE = YES;
				INFOPLIST_FILE = "ios-online-cinema/Info.plist";
				INFOPLIST_KEY_UIApplicationSupportsIndirectInputEvents = YES;
				INFOPLIST_KEY_UILaunchStoryboardName = LaunchScreen;
				INFOPLIST_KEY_UIStatusBarStyle = "";
				INFOPLIST_KEY_UISupportedInterfaceOrientations_iPad = "UIInterfaceOrientationPortrait UIInterfaceOrientationPortraitUpsideDown UIInterfaceOrientationLandscapeLeft UIInterfaceOrientationLandscapeRight";
				INFOPLIST_KEY_UISupportedInterfaceOrientations_iPhone = "UIInterfaceOrientationPortrait UIInterfaceOrientationLandscapeLeft UIInterfaceOrientationLandscapeRight";
				INFOPLIST_KEY_UIUserInterfaceStyle = Light;
				LD_RUNPATH_SEARCH_PATHS = (
					"$(inherited)",
					"@executable_path/Frameworks",
				);
				MARKETING_VERSION = 1.0;
				PRODUCT_BUNDLE_IDENTIFIER = "com.ios-online-cinema";
				PRODUCT_NAME = "$(TARGET_NAME)";
				SWIFT_EMIT_LOC_STRINGS = YES;
				SWIFT_VERSION = 5.0;
				TARGETED_DEVICE_FAMILY = "1,2";
			};
			name = Release;
		};
		85072F922A78ECFD006E3D58 /* Debug */ = {
			isa = XCBuildConfiguration;
			baseConfigurationReference = B088D5416E9253D3914DA36F /* Pods-ios-online-cinemaTests.debug.xcconfig */;
			buildSettings = {
				ALWAYS_EMBED_SWIFT_STANDARD_LIBRARIES = YES;
				BUNDLE_LOADER = "$(TEST_HOST)";
				CODE_SIGN_STYLE = Automatic;
				CURRENT_PROJECT_VERSION = 1;
				DEVELOPMENT_TEAM = 99J8T8PS7H;
				GENERATE_INFOPLIST_FILE = YES;
				IPHONEOS_DEPLOYMENT_TARGET = 16.4;
				MARKETING_VERSION = 1.0;
				PRODUCT_BUNDLE_IDENTIFIER = "com.ios-online-cinemaTests";
				PRODUCT_NAME = "$(TARGET_NAME)";
				SWIFT_EMIT_LOC_STRINGS = NO;
				SWIFT_VERSION = 5.0;
				TARGETED_DEVICE_FAMILY = "1,2";
				TEST_HOST = "$(BUILT_PRODUCTS_DIR)/ios-online-cinema.app/$(BUNDLE_EXECUTABLE_FOLDER_PATH)/ios-online-cinema";
			};
			name = Debug;
		};
		85072F932A78ECFD006E3D58 /* Release */ = {
			isa = XCBuildConfiguration;
			baseConfigurationReference = DF0FE93836042491867D13BC /* Pods-ios-online-cinemaTests.release.xcconfig */;
			buildSettings = {
				ALWAYS_EMBED_SWIFT_STANDARD_LIBRARIES = YES;
				BUNDLE_LOADER = "$(TEST_HOST)";
				CODE_SIGN_STYLE = Automatic;
				CURRENT_PROJECT_VERSION = 1;
				DEVELOPMENT_TEAM = 99J8T8PS7H;
				GENERATE_INFOPLIST_FILE = YES;
				IPHONEOS_DEPLOYMENT_TARGET = 16.4;
				MARKETING_VERSION = 1.0;
				PRODUCT_BUNDLE_IDENTIFIER = "com.ios-online-cinemaTests";
				PRODUCT_NAME = "$(TARGET_NAME)";
				SWIFT_EMIT_LOC_STRINGS = NO;
				SWIFT_VERSION = 5.0;
				TARGETED_DEVICE_FAMILY = "1,2";
				TEST_HOST = "$(BUILT_PRODUCTS_DIR)/ios-online-cinema.app/$(BUNDLE_EXECUTABLE_FOLDER_PATH)/ios-online-cinema";
			};
			name = Release;
		};
		85072F952A78ECFD006E3D58 /* Debug */ = {
			isa = XCBuildConfiguration;
			baseConfigurationReference = EB6AB7825A32D9CF3F2BD4DC /* Pods-ios-online-cinema-ios-online-cinemaUITests.debug.xcconfig */;
			buildSettings = {
				ALWAYS_EMBED_SWIFT_STANDARD_LIBRARIES = YES;
				CODE_SIGN_STYLE = Automatic;
				CURRENT_PROJECT_VERSION = 1;
				DEVELOPMENT_TEAM = 99J8T8PS7H;
				GENERATE_INFOPLIST_FILE = YES;
				MARKETING_VERSION = 1.0;
				PRODUCT_BUNDLE_IDENTIFIER = "com.ios-online-cinemaUITests";
				PRODUCT_NAME = "$(TARGET_NAME)";
				SWIFT_EMIT_LOC_STRINGS = NO;
				SWIFT_VERSION = 5.0;
				TARGETED_DEVICE_FAMILY = "1,2";
				TEST_TARGET_NAME = "ios-online-cinema";
			};
			name = Debug;
		};
		85072F962A78ECFD006E3D58 /* Release */ = {
			isa = XCBuildConfiguration;
			baseConfigurationReference = 715E78BAD1B13524ACB0C1F6 /* Pods-ios-online-cinema-ios-online-cinemaUITests.release.xcconfig */;
			buildSettings = {
				ALWAYS_EMBED_SWIFT_STANDARD_LIBRARIES = YES;
				CODE_SIGN_STYLE = Automatic;
				CURRENT_PROJECT_VERSION = 1;
				DEVELOPMENT_TEAM = 99J8T8PS7H;
				GENERATE_INFOPLIST_FILE = YES;
				MARKETING_VERSION = 1.0;
				PRODUCT_BUNDLE_IDENTIFIER = "com.ios-online-cinemaUITests";
				PRODUCT_NAME = "$(TARGET_NAME)";
				SWIFT_EMIT_LOC_STRINGS = NO;
				SWIFT_VERSION = 5.0;
				TARGETED_DEVICE_FAMILY = "1,2";
				TEST_TARGET_NAME = "ios-online-cinema";
			};
			name = Release;
		};
/* End XCBuildConfiguration section */

/* Begin XCConfigurationList section */
		85072F5F2A78ECFC006E3D58 /* Build configuration list for PBXProject "ios-online-cinema" */ = {
			isa = XCConfigurationList;
			buildConfigurations = (
				85072F8C2A78ECFD006E3D58 /* Debug */,
				85072F8D2A78ECFD006E3D58 /* Release */,
			);
			defaultConfigurationIsVisible = 0;
			defaultConfigurationName = Release;
		};
		85072F8E2A78ECFD006E3D58 /* Build configuration list for PBXNativeTarget "ios-online-cinema" */ = {
			isa = XCConfigurationList;
			buildConfigurations = (
				85072F8F2A78ECFD006E3D58 /* Debug */,
				85072F902A78ECFD006E3D58 /* Release */,
			);
			defaultConfigurationIsVisible = 0;
			defaultConfigurationName = Release;
		};
		85072F912A78ECFD006E3D58 /* Build configuration list for PBXNativeTarget "ios-online-cinemaTests" */ = {
			isa = XCConfigurationList;
			buildConfigurations = (
				85072F922A78ECFD006E3D58 /* Debug */,
				85072F932A78ECFD006E3D58 /* Release */,
			);
			defaultConfigurationIsVisible = 0;
			defaultConfigurationName = Release;
		};
		85072F942A78ECFD006E3D58 /* Build configuration list for PBXNativeTarget "ios-online-cinemaUITests" */ = {
			isa = XCConfigurationList;
			buildConfigurations = (
				85072F952A78ECFD006E3D58 /* Debug */,
				85072F962A78ECFD006E3D58 /* Release */,
			);
			defaultConfigurationIsVisible = 0;
			defaultConfigurationName = Release;
		};
/* End XCConfigurationList section */

/* Begin XCVersionGroup section */
		859B35F92A9CB188001EED3A /* FavouriteMoviesData.xcdatamodeld */ = {
			isa = XCVersionGroup;
			children = (
				859B35FA2A9CB189001EED3A /* FavouriteMoviesData.xcdatamodel */,
			);
			currentVersion = 859B35FA2A9CB189001EED3A /* FavouriteMoviesData.xcdatamodel */;
			path = FavouriteMoviesData.xcdatamodeld;
			sourceTree = "<group>";
			versionGroupType = wrapper.xcdatamodel;
		};
/* End XCVersionGroup section */
	};
	rootObject = 85072F5C2A78ECFC006E3D58 /* Project object */;
}
